
Microsoft Visual Studio Solution File, Format Version 12.00
# Visual Studio Version 16
VisualStudioVersion = 16.0.30907.101
MinimumVisualStudioVersion = 10.0.40219.1
Project("{FAE04EC0-301F-11D3-BF4B-00C04F79EFBC}") = "InventoryServiceMassTransit1", "InventoryServiceMassTransit1.csproj", "{0BFF96C5-7535-4690-AE5A-C63BD6C09824}"
EndProject
Project("{9A19103F-16F7-4668-BE54-9A1E7A4F7556}") = "Models", "..\Models\Models.csproj", "{A3B90347-F4F4-4D30-A879-38C6E6EF47D8}"
EndProject
Global
	GlobalSection(SolutionConfigurationPlatforms) = preSolution
		Debug|Any CPU = Debug|Any CPU
		Release|Any CPU = Release|Any CPU
	EndGlobalSection
	GlobalSection(ProjectConfigurationPlatforms) = postSolution
		{0BFF96C5-7535-4690-AE5A-C63BD6C09824}.Debug|Any CPU.ActiveCfg = Debug|Any CPU
		{0BFF96C5-7535-4690-AE5A-C63BD6C09824}.Debug|Any CPU.Build.0 = Debug|Any CPU
		{0BFF96C5-7535-4690-AE5A-C63BD6C09824}.Release|Any CPU.ActiveCfg = Release|Any CPU
		{0BFF96C5-7535-4690-AE5A-C63BD6C09824}.Release|Any CPU.Build.0 = Release|Any CPU
		{A3B90347-F4F4-4D30-A879-38C6E6EF47D8}.Debug|Any CPU.ActiveCfg = Debug|Any CPU
		{A3B90347-F4F4-4D30-A879-38C6E6EF47D8}.Debug|Any CPU.Build.0 = Debug|Any CPU
		{A3B90347-F4F4-4D30-A879-38C6E6EF47D8}.Release|Any CPU.ActiveCfg = Release|Any CPU
		{A3B90347-F4F4-4D30-A879-38C6E6EF47D8}.Release|Any CPU.Build.0 = Release|Any CPU
	EndGlobalSection
	GlobalSection(SolutionProperties) = preSolution
		HideSolutionNode = FALSE
	EndGlobalSection
	GlobalSection(ExtensibilityGlobals) = postSolution
		SolutionGuid = {4390C261-8038-48A9-83D8-E571F8AE0891}
	EndGlobalSection
EndGlobal
